// !$*UTF8*$!
{
	archiveVersion = 1;
	classes = {
	};
	objectVersion = 46;
	objects = {

/* Begin PBXBuildFile section */
		3F07E7231E37CBAD00489FEB /* SpencerTableViewCell.swift in Sources */ = {isa = PBXBuildFile; fileRef = 3F07E7221E37CBAD00489FEB /* SpencerTableViewCell.swift */; };
		3F2605EA1E423F2E004BC9D5 /* FullArtworkView.swift in Sources */ = {isa = PBXBuildFile; fileRef = 3F2605E91E423F2E004BC9D5 /* FullArtworkView.swift */; };
		3F2605EC1E424200004BC9D5 /* Images.plist in Resources */ = {isa = PBXBuildFile; fileRef = 3F2605EB1E424200004BC9D5 /* Images.plist */; };
		3FA970761E2414C400B5B394 /* BattalionCollapsibleTableVC.swift in Sources */ = {isa = PBXBuildFile; fileRef = 3FA970751E2414C400B5B394 /* BattalionCollapsibleTableVC.swift */; };
		3FA970791E25569800B5B394 /* FriendsMatcher.swift in Sources */ = {isa = PBXBuildFile; fileRef = 3FA970781E25569800B5B394 /* FriendsMatcher.swift */; };
		3FB55EEE1DCFB0FE00652653 /* Chapter 11 W00 Regular.ttf in Resources */ = {isa = PBXBuildFile; fileRef = 3FB55EED1DCFB0FE00652653 /* Chapter 11 W00 Regular.ttf */; };
		3FDA16431E40DA310030306D /* DeviceExtension.swift in Sources */ = {isa = PBXBuildFile; fileRef = 3FDA16421E40DA310030306D /* DeviceExtension.swift */; };
		3FDA16451E40DC5D0030306D /* Stats.plist in Resources */ = {isa = PBXBuildFile; fileRef = 3FDA16441E40DC5D0030306D /* Stats.plist */; };
		3FE011C01E0AE8520067DFD0 /* StatsTableViewController.swift in Sources */ = {isa = PBXBuildFile; fileRef = 3FE011BF1E0AE8520067DFD0 /* StatsTableViewController.swift */; };
		3FE011C21E0AE85D0067DFD0 /* CollapsibleTableViewHeader.swift in Sources */ = {isa = PBXBuildFile; fileRef = 3FE011C11E0AE85D0067DFD0 /* CollapsibleTableViewHeader.swift */; };
		3FE011C41E0AE8630067DFD0 /* Extensions.swift in Sources */ = {isa = PBXBuildFile; fileRef = 3FE011C31E0AE8630067DFD0 /* Extensions.swift */; };
		3FE011C81E0AE8770067DFD0 /* BensTableViewCell.swift in Sources */ = {isa = PBXBuildFile; fileRef = 3FE011C71E0AE8770067DFD0 /* BensTableViewCell.swift */; };
		3FE011CA1E0AE8810067DFD0 /* old paper.jpg in Resources */ = {isa = PBXBuildFile; fileRef = 3FE011C91E0AE8810067DFD0 /* old paper.jpg */; };
		3FE011CC1E0AF6DD0067DFD0 /* vimyWallBrickupLight1.jpg in Resources */ = {isa = PBXBuildFile; fileRef = 3FE011CB1E0AF6DD0067DFD0 /* vimyWallBrickupLight1.jpg */; };
		3FEB44411E0C60AC00620494 /* SoldierOfHourNavController.swift in Sources */ = {isa = PBXBuildFile; fileRef = 3FEB44401E0C60AC00620494 /* SoldierOfHourNavController.swift */; };
		F123F2DF1E1AAD6E00BD47F6 /* FlagPlistReader.swift in Sources */ = {isa = PBXBuildFile; fileRef = F123F2DD1E1AAD6E00BD47F6 /* FlagPlistReader.swift */; };
		F123F2E01E1AAD6E00BD47F6 /* Flags.plist in Resources */ = {isa = PBXBuildFile; fileRef = F123F2DE1E1AAD6E00BD47F6 /* Flags.plist */; };
		F123F2E31E1AAD9000BD47F6 /* FlagOverlay.swift in Sources */ = {isa = PBXBuildFile; fileRef = F123F2E11E1AAD9000BD47F6 /* FlagOverlay.swift */; };
		F123F2E41E1AAD9000BD47F6 /* FlagOverlayView.swift in Sources */ = {isa = PBXBuildFile; fileRef = F123F2E21E1AAD9000BD47F6 /* FlagOverlayView.swift */; };
		F123F2E71E1BF63E00BD47F6 /* MapKit.framework in Frameworks */ = {isa = PBXBuildFile; fileRef = F123F2E61E1BF63E00BD47F6 /* MapKit.framework */; };
		F12BE4601E24535D006412F1 /* VimyMythsScreenViewController.swift in Sources */ = {isa = PBXBuildFile; fileRef = F12BE45E1E24535D006412F1 /* VimyMythsScreenViewController.swift */; };
		F12BE4611E24535D006412F1 /* VimyMythsViewController.swift in Sources */ = {isa = PBXBuildFile; fileRef = F12BE45F1E24535D006412F1 /* VimyMythsViewController.swift */; };
		F12BE46C1E2453EB006412F1 /* texture.jpg in Resources */ = {isa = PBXBuildFile; fileRef = F12BE4631E2453EB006412F1 /* texture.jpg */; };
		F12BE46D1E2453EB006412F1 /* texture_0.jpg in Resources */ = {isa = PBXBuildFile; fileRef = F12BE4641E2453EB006412F1 /* texture_0.jpg */; };
		F12BE46E1E2453EB006412F1 /* texture_1.jpg in Resources */ = {isa = PBXBuildFile; fileRef = F12BE4651E2453EB006412F1 /* texture_1.jpg */; };
		F12BE46F1E2453EB006412F1 /* texture_2.jpg in Resources */ = {isa = PBXBuildFile; fileRef = F12BE4661E2453EB006412F1 /* texture_2.jpg */; };
		F12BE4701E2453EB006412F1 /* texture_3.jpg in Resources */ = {isa = PBXBuildFile; fileRef = F12BE4671E2453EB006412F1 /* texture_3.jpg */; };
		F12BE4711E2453EB006412F1 /* texture_4.jpg in Resources */ = {isa = PBXBuildFile; fileRef = F12BE4681E2453EB006412F1 /* texture_4.jpg */; };
		F12BE4721E2453EB006412F1 /* texture_5.jpg in Resources */ = {isa = PBXBuildFile; fileRef = F12BE4691E2453EB006412F1 /* texture_5.jpg */; };
		F12BE4731E2453EB006412F1 /* texture_6.jpg in Resources */ = {isa = PBXBuildFile; fileRef = F12BE46A1E2453EB006412F1 /* texture_6.jpg */; };
		F12BE4741E2453EB006412F1 /* texture_7.jpg in Resources */ = {isa = PBXBuildFile; fileRef = F12BE46B1E2453EB006412F1 /* texture_7.jpg */; };
		F12C10E61D60CDBC0071798C /* SearchViewController.swift in Sources */ = {isa = PBXBuildFile; fileRef = F12C10E41D60CDBC0071798C /* SearchViewController.swift */; };
		F12C10E71D60CDBC0071798C /* SoldierSearch.swift in Sources */ = {isa = PBXBuildFile; fileRef = F12C10E51D60CDBC0071798C /* SoldierSearch.swift */; };
		F12C10E91D60CDDB0071798C /* Reachability.swift in Sources */ = {isa = PBXBuildFile; fileRef = F12C10E81D60CDDB0071798C /* Reachability.swift */; };
		F12C10ED1D61FD640071798C /* HistoryViewController.swift in Sources */ = {isa = PBXBuildFile; fileRef = F12C10EC1D61FD640071798C /* HistoryViewController.swift */; };
		F12C10F01D620FB40071798C /* StatsViewController.swift in Sources */ = {isa = PBXBuildFile; fileRef = F12C10EF1D620FB40071798C /* StatsViewController.swift */; };
		F12C10F21D6210650071798C /* StatsReader.swift in Sources */ = {isa = PBXBuildFile; fileRef = F12C10F11D6210650071798C /* StatsReader.swift */; };
		F12C10FF1D6291810071798C /* SoldierLocation.swift in Sources */ = {isa = PBXBuildFile; fileRef = F12C10FC1D6291810071798C /* SoldierLocation.swift */; };
		F12C11011D6291810071798C /* VCMapView.swift in Sources */ = {isa = PBXBuildFile; fileRef = F12C10FE1D6291810071798C /* VCMapView.swift */; };
		F12C11031D62918E0071798C /* ProfileView.swift in Sources */ = {isa = PBXBuildFile; fileRef = F12C11021D62918E0071798C /* ProfileView.swift */; };
		F12C11051D62919A0071798C /* Medals.swift in Sources */ = {isa = PBXBuildFile; fileRef = F12C11041D62919A0071798C /* Medals.swift */; };
		F12C11071D6291A40071798C /* FriendsView.swift in Sources */ = {isa = PBXBuildFile; fileRef = F12C11061D6291A40071798C /* FriendsView.swift */; };
		F12C11091D6291AC0071798C /* BiographyView.swift in Sources */ = {isa = PBXBuildFile; fileRef = F12C11081D6291AC0071798C /* BiographyView.swift */; };
		F12C110B1D6291B80071798C /* FaceBookViewController.swift in Sources */ = {isa = PBXBuildFile; fileRef = F12C110A1D6291B80071798C /* FaceBookViewController.swift */; };
		F12C111E1D6CB7690071798C /* BattalionMoreContainer.swift in Sources */ = {isa = PBXBuildFile; fileRef = F12C111D1D6CB7690071798C /* BattalionMoreContainer.swift */; };
		F12C11201D6CB7810071798C /* BattalionFactsContainer.swift in Sources */ = {isa = PBXBuildFile; fileRef = F12C111F1D6CB7810071798C /* BattalionFactsContainer.swift */; };
		F12C11221D6CB7910071798C /* BattalionInfoContainer.swift in Sources */ = {isa = PBXBuildFile; fileRef = F12C11211D6CB7910071798C /* BattalionInfoContainer.swift */; };
		F12C11251D6CB7AB0071798C /* FullBattalionInfo.swift in Sources */ = {isa = PBXBuildFile; fileRef = F12C11231D6CB7AB0071798C /* FullBattalionInfo.swift */; };
		F12C11261D6CB7AB0071798C /* SingleBattalionViewController.swift in Sources */ = {isa = PBXBuildFile; fileRef = F12C11241D6CB7AB0071798C /* SingleBattalionViewController.swift */; };
		F12C112B1D6CB7CD0071798C /* BattalionReader.swift in Sources */ = {isa = PBXBuildFile; fileRef = F12C11271D6CB7CD0071798C /* BattalionReader.swift */; };
		F12C112C1D6CB7CD0071798C /* Battalions.swift in Sources */ = {isa = PBXBuildFile; fileRef = F12C11281D6CB7CD0071798C /* Battalions.swift */; };
		F12C112D1D6CB7CD0071798C /* BattalionTableViewController.swift in Sources */ = {isa = PBXBuildFile; fileRef = F12C11291D6CB7CD0071798C /* BattalionTableViewController.swift */; };
		F12C112E1D6CB7CD0071798C /* BattalionTest.plist in Resources */ = {isa = PBXBuildFile; fileRef = F12C112A1D6CB7CD0071798C /* BattalionTest.plist */; };
		F12C11301D6CFB670071798C /* TimelineView.swift in Sources */ = {isa = PBXBuildFile; fileRef = F12C112F1D6CFB670071798C /* TimelineView.swift */; };
		F12C11701D7095FA0071798C /* MyVariables.swift in Sources */ = {isa = PBXBuildFile; fileRef = F12C116F1D7095FA0071798C /* MyVariables.swift */; };
		F12C117F1D71E1FB0071798C /* MedalReader.swift in Sources */ = {isa = PBXBuildFile; fileRef = F12C117D1D71E1FB0071798C /* MedalReader.swift */; };
		F12C11801D71E1FB0071798C /* Medals List.plist in Resources */ = {isa = PBXBuildFile; fileRef = F12C117E1D71E1FB0071798C /* Medals List.plist */; };
		F12C11851D732B360071798C /* VimyVirtualMemorialVC.swift in Sources */ = {isa = PBXBuildFile; fileRef = F12C11841D732B360071798C /* VimyVirtualMemorialVC.swift */; };
		F12C11881D738ACB0071798C /* StudentBiographyViewController.swift in Sources */ = {isa = PBXBuildFile; fileRef = F12C11871D738ACB0071798C /* StudentBiographyViewController.swift */; };
		F12C118E1D73AB010071798C /* WeaponDetailsVC.swift in Sources */ = {isa = PBXBuildFile; fileRef = F12C118A1D73AB010071798C /* WeaponDetailsVC.swift */; };
		F12C118F1D73AB010071798C /* WeaponInfo.plist in Resources */ = {isa = PBXBuildFile; fileRef = F12C118B1D73AB010071798C /* WeaponInfo.plist */; };
		F12C11901D73AB010071798C /* WeaponSelectVC.swift in Sources */ = {isa = PBXBuildFile; fileRef = F12C118C1D73AB010071798C /* WeaponSelectVC.swift */; };
		F12C11911D73AB010071798C /* WeaponsInfo.swift in Sources */ = {isa = PBXBuildFile; fileRef = F12C118D1D73AB010071798C /* WeaponsInfo.swift */; };
		F12C11941D73ADA20071798C /* WeaponAssets.scnassets in Resources */ = {isa = PBXBuildFile; fileRef = F12C11931D73ADA20071798C /* WeaponAssets.scnassets */; };
		F133F22D1D7473810049B8BB /* bg.mp3 in Resources */ = {isa = PBXBuildFile; fileRef = F133F22B1D7473810049B8BB /* bg.mp3 */; };
		F133F22E1D7473810049B8BB /* Util.swift in Sources */ = {isa = PBXBuildFile; fileRef = F133F22C1D7473810049B8BB /* Util.swift */; };
		F133F2301D74764C0049B8BB /* Serenata Immortale.mp3 in Resources */ = {isa = PBXBuildFile; fileRef = F133F22F1D74764C0049B8BB /* Serenata Immortale.mp3 */; };
		F168B6231D860FF000A9719A /* AppIntro.m4a in Resources */ = {isa = PBXBuildFile; fileRef = F168B6221D860FF000A9719A /* AppIntro.m4a */; };
		F16B0FE71D4FA578004F2777 /* AppDelegate.swift in Sources */ = {isa = PBXBuildFile; fileRef = F16B0FE61D4FA578004F2777 /* AppDelegate.swift */; };
		F16B0FEC1D4FA578004F2777 /* Main.storyboard in Resources */ = {isa = PBXBuildFile; fileRef = F16B0FEA1D4FA578004F2777 /* Main.storyboard */; };
		F16B0FF11D4FA578004F2777 /* LaunchScreen.storyboard in Resources */ = {isa = PBXBuildFile; fileRef = F16B0FEF1D4FA578004F2777 /* LaunchScreen.storyboard */; };
		F16B0FFC1D4FA578004F2777 /* Vimy_Ridge_ProjectTests.swift in Sources */ = {isa = PBXBuildFile; fileRef = F16B0FFB1D4FA578004F2777 /* Vimy_Ridge_ProjectTests.swift */; };
		F16B10071D4FA578004F2777 /* Vimy_Ridge_ProjectUITests.swift in Sources */ = {isa = PBXBuildFile; fileRef = F16B10061D4FA578004F2777 /* Vimy_Ridge_ProjectUITests.swift */; };
		F16B10151D4FA6EF004F2777 /* Images.xcassets in Resources */ = {isa = PBXBuildFile; fileRef = F16B10141D4FA6EF004F2777 /* Images.xcassets */; };
		F16B10171D4FA735004F2777 /* HomeViewController.swift in Sources */ = {isa = PBXBuildFile; fileRef = F16B10161D4FA735004F2777 /* HomeViewController.swift */; };
		F16B101A1D4FA929004F2777 /* SwiftyJSON.swift in Sources */ = {isa = PBXBuildFile; fileRef = F16B10181D4FA929004F2777 /* SwiftyJSON.swift */; };
		F16B101B1D4FA929004F2777 /* FullSoldier.swift in Sources */ = {isa = PBXBuildFile; fileRef = F16B10191D4FA929004F2777 /* FullSoldier.swift */; };
		F170B8E51D4FB8D600118440 /* CemAnno.swift in Sources */ = {isa = PBXBuildFile; fileRef = F170B8E11D4FB8D600118440 /* CemAnno.swift */; };
		F170B8E61D4FB8D600118440 /* CemViewController.swift in Sources */ = {isa = PBXBuildFile; fileRef = F170B8E21D4FB8D600118440 /* CemViewController.swift */; };
		F170B8E71D4FB8D600118440 /* CoordinatePrime.plist in Resources */ = {isa = PBXBuildFile; fileRef = F170B8E31D4FB8D600118440 /* CoordinatePrime.plist */; };
		F170B8E81D4FB8D600118440 /* VimyCoordinates.swift in Sources */ = {isa = PBXBuildFile; fileRef = F170B8E41D4FB8D600118440 /* VimyCoordinates.swift */; };
		F170B8ED1D4FB90C00118440 /* BattalionMapVC.swift in Sources */ = {isa = PBXBuildFile; fileRef = F170B8E91D4FB90C00118440 /* BattalionMapVC.swift */; };
		F170B8EE1D4FB90C00118440 /* BattalionMovement.plist in Resources */ = {isa = PBXBuildFile; fileRef = F170B8EA1D4FB90C00118440 /* BattalionMovement.plist */; };
		F170B8EF1D4FB90C00118440 /* BattalionsCoords.swift in Sources */ = {isa = PBXBuildFile; fileRef = F170B8EB1D4FB90C00118440 /* BattalionsCoords.swift */; };
		F170B8F01D4FB90C00118440 /* CustomAnnotation.swift in Sources */ = {isa = PBXBuildFile; fileRef = F170B8EC1D4FB90C00118440 /* CustomAnnotation.swift */; };
		F170B8F41D4FB93400118440 /* AdvProp.swift in Sources */ = {isa = PBXBuildFile; fileRef = F170B8F11D4FB93400118440 /* AdvProp.swift */; };
		F170B8F51D4FB93400118440 /* daysOfBattle.plist in Resources */ = {isa = PBXBuildFile; fileRef = F170B8F21D4FB93400118440 /* daysOfBattle.plist */; };
		F170B8F61D4FB93400118440 /* TLPViewController.swift in Sources */ = {isa = PBXBuildFile; fileRef = F170B8F31D4FB93400118440 /* TLPViewController.swift */; };
		F170B8FA1D4FB94D00118440 /* westernFront.plist in Resources */ = {isa = PBXBuildFile; fileRef = F170B8F71D4FB94D00118440 /* westernFront.plist */; };
		F170B8FB1D4FB94D00118440 /* WesternFrontController.swift in Sources */ = {isa = PBXBuildFile; fileRef = F170B8F81D4FB94D00118440 /* WesternFrontController.swift */; };
		F170B8FC1D4FB94D00118440 /* WesternFrontLinesCoords.swift in Sources */ = {isa = PBXBuildFile; fileRef = F170B8F91D4FB94D00118440 /* WesternFrontLinesCoords.swift */; };
		F170B8FE1D4FBA4300118440 /* MapViewController.swift in Sources */ = {isa = PBXBuildFile; fileRef = F170B8FD1D4FBA4300118440 /* MapViewController.swift */; };
		F1993B151D5226E9001F40F0 /* MenuVC.swift in Sources */ = {isa = PBXBuildFile; fileRef = F1993B141D5226E9001F40F0 /* MenuVC.swift */; };
		F1E7D6351E1419B300182A9C /* FacebookMilitaryVC.swift in Sources */ = {isa = PBXBuildFile; fileRef = F1E7D6331E1419B300182A9C /* FacebookMilitaryVC.swift */; };
		F1E7D6361E1419B300182A9C /* FacebookNonMilitaryVC.swift in Sources */ = {isa = PBXBuildFile; fileRef = F1E7D6341E1419B300182A9C /* FacebookNonMilitaryVC.swift */; };
		F1E7D6391E1469B500182A9C /* Roman Stonecut.ttf in Resources */ = {isa = PBXBuildFile; fileRef = F1E7D6381E1469B500182A9C /* Roman Stonecut.ttf */; };
		F1E7D63B1E146DEA00182A9C /* Custom Segue.swift in Sources */ = {isa = PBXBuildFile; fileRef = F1E7D63A1E146DEA00182A9C /* Custom Segue.swift */; };
		F1E7D6451E16BE3900182A9C /* ArtworkViewController.swift in Sources */ = {isa = PBXBuildFile; fileRef = F1E7D63F1E16BE3900182A9C /* ArtworkViewController.swift */; };
		F1E7D6461E16BE3900182A9C /* FullImageView.swift in Sources */ = {isa = PBXBuildFile; fileRef = F1E7D6401E16BE3900182A9C /* FullImageView.swift */; };
		F1E7D6471E16BE3900182A9C /* ImageCollecionViewCell.swift in Sources */ = {isa = PBXBuildFile; fileRef = F1E7D6411E16BE3900182A9C /* ImageCollecionViewCell.swift */; };
		F1E7D6481E16BE3900182A9C /* ImageObject.swift in Sources */ = {isa = PBXBuildFile; fileRef = F1E7D6421E16BE3900182A9C /* ImageObject.swift */; };
		F1E7D6491E16BE3900182A9C /* ImageReader.swift in Sources */ = {isa = PBXBuildFile; fileRef = F1E7D6431E16BE3900182A9C /* ImageReader.swift */; };
		F1E7D64C1E16C0C000182A9C /* Artwork.xcassets in Resources */ = {isa = PBXBuildFile; fileRef = F1E7D64B1E16C0C000182A9C /* Artwork.xcassets */; };
		F1E7D64F1E16F2D300182A9C /* AboutViewController.swift in Sources */ = {isa = PBXBuildFile; fileRef = F1E7D64E1E16F2D300182A9C /* AboutViewController.swift */; };
		F1E7D6511E16F2F800182A9C /* DevelopersTableVC.swift in Sources */ = {isa = PBXBuildFile; fileRef = F1E7D6501E16F2F800182A9C /* DevelopersTableVC.swift */; };
/* End PBXBuildFile section */

/* Begin PBXContainerItemProxy section */
		F16B0FF81D4FA578004F2777 /* PBXContainerItemProxy */ = {
			isa = PBXContainerItemProxy;
			containerPortal = F16B0FDB1D4FA578004F2777 /* Project object */;
			proxyType = 1;
			remoteGlobalIDString = F16B0FE21D4FA578004F2777;
			remoteInfo = "Vimy Ridge Project";
		};
		F16B10031D4FA578004F2777 /* PBXContainerItemProxy */ = {
			isa = PBXContainerItemProxy;
			containerPortal = F16B0FDB1D4FA578004F2777 /* Project object */;
			proxyType = 1;
			remoteGlobalIDString = F16B0FE21D4FA578004F2777;
			remoteInfo = "Vimy Ridge Project";
		};
/* End PBXContainerItemProxy section */

/* Begin PBXFileReference section */
		3F07E7221E37CBAD00489FEB /* SpencerTableViewCell.swift */ = {isa = PBXFileReference; fileEncoding = 4; lastKnownFileType = sourcecode.swift; path = SpencerTableViewCell.swift; sourceTree = "<group>"; };
		3F2605E91E423F2E004BC9D5 /* FullArtworkView.swift */ = {isa = PBXFileReference; fileEncoding = 4; lastKnownFileType = sourcecode.swift; path = FullArtworkView.swift; sourceTree = "<group>"; };
		3F2605EB1E424200004BC9D5 /* Images.plist */ = {isa = PBXFileReference; fileEncoding = 4; lastKnownFileType = text.plist.xml; path = Images.plist; sourceTree = "<group>"; };
		3FA970751E2414C400B5B394 /* BattalionCollapsibleTableVC.swift */ = {isa = PBXFileReference; fileEncoding = 4; lastKnownFileType = sourcecode.swift; path = BattalionCollapsibleTableVC.swift; sourceTree = "<group>"; };
		3FA970781E25569800B5B394 /* FriendsMatcher.swift */ = {isa = PBXFileReference; fileEncoding = 4; lastKnownFileType = sourcecode.swift; path = FriendsMatcher.swift; sourceTree = "<group>"; };
		3FB55EED1DCFB0FE00652653 /* Chapter 11 W00 Regular.ttf */ = {isa = PBXFileReference; lastKnownFileType = file; path = "Chapter 11 W00 Regular.ttf"; sourceTree = "<group>"; };
		3FDA16421E40DA310030306D /* DeviceExtension.swift */ = {isa = PBXFileReference; fileEncoding = 4; lastKnownFileType = sourcecode.swift; path = DeviceExtension.swift; sourceTree = "<group>"; };
		3FDA16441E40DC5D0030306D /* Stats.plist */ = {isa = PBXFileReference; fileEncoding = 4; lastKnownFileType = text.plist.xml; path = Stats.plist; sourceTree = "<group>"; };
		3FE011BF1E0AE8520067DFD0 /* StatsTableViewController.swift */ = {isa = PBXFileReference; fileEncoding = 4; lastKnownFileType = sourcecode.swift; path = StatsTableViewController.swift; sourceTree = "<group>"; };
		3FE011C11E0AE85D0067DFD0 /* CollapsibleTableViewHeader.swift */ = {isa = PBXFileReference; fileEncoding = 4; lastKnownFileType = sourcecode.swift; path = CollapsibleTableViewHeader.swift; sourceTree = "<group>"; };
		3FE011C31E0AE8630067DFD0 /* Extensions.swift */ = {isa = PBXFileReference; fileEncoding = 4; lastKnownFileType = sourcecode.swift; path = Extensions.swift; sourceTree = "<group>"; };
		3FE011C71E0AE8770067DFD0 /* BensTableViewCell.swift */ = {isa = PBXFileReference; fileEncoding = 4; lastKnownFileType = sourcecode.swift; path = BensTableViewCell.swift; sourceTree = "<group>"; };
		3FE011C91E0AE8810067DFD0 /* old paper.jpg */ = {isa = PBXFileReference; lastKnownFileType = image.jpeg; path = "old paper.jpg"; sourceTree = "<group>"; };
		3FE011CB1E0AF6DD0067DFD0 /* vimyWallBrickupLight1.jpg */ = {isa = PBXFileReference; lastKnownFileType = image.jpeg; path = vimyWallBrickupLight1.jpg; sourceTree = "<group>"; };
		3FEB44401E0C60AC00620494 /* SoldierOfHourNavController.swift */ = {isa = PBXFileReference; fileEncoding = 4; lastKnownFileType = sourcecode.swift; path = SoldierOfHourNavController.swift; sourceTree = "<group>"; };
		F123F2DD1E1AAD6E00BD47F6 /* FlagPlistReader.swift */ = {isa = PBXFileReference; fileEncoding = 4; lastKnownFileType = sourcecode.swift; path = FlagPlistReader.swift; sourceTree = "<group>"; };
		F123F2DE1E1AAD6E00BD47F6 /* Flags.plist */ = {isa = PBXFileReference; fileEncoding = 4; lastKnownFileType = text.plist.xml; path = Flags.plist; sourceTree = "<group>"; };
		F123F2E11E1AAD9000BD47F6 /* FlagOverlay.swift */ = {isa = PBXFileReference; fileEncoding = 4; lastKnownFileType = sourcecode.swift; path = FlagOverlay.swift; sourceTree = "<group>"; };
		F123F2E21E1AAD9000BD47F6 /* FlagOverlayView.swift */ = {isa = PBXFileReference; fileEncoding = 4; lastKnownFileType = sourcecode.swift; path = FlagOverlayView.swift; sourceTree = "<group>"; };
		F123F2E61E1BF63E00BD47F6 /* MapKit.framework */ = {isa = PBXFileReference; lastKnownFileType = wrapper.framework; name = MapKit.framework; path = System/Library/Frameworks/MapKit.framework; sourceTree = SDKROOT; };
		F12BE45E1E24535D006412F1 /* VimyMythsScreenViewController.swift */ = {isa = PBXFileReference; fileEncoding = 4; lastKnownFileType = sourcecode.swift; path = VimyMythsScreenViewController.swift; sourceTree = "<group>"; };
		F12BE45F1E24535D006412F1 /* VimyMythsViewController.swift */ = {isa = PBXFileReference; fileEncoding = 4; lastKnownFileType = sourcecode.swift; path = VimyMythsViewController.swift; sourceTree = "<group>"; };
		F12BE4631E2453EB006412F1 /* texture.jpg */ = {isa = PBXFileReference; lastKnownFileType = image.jpeg; path = texture.jpg; sourceTree = "<group>"; };
		F12BE4641E2453EB006412F1 /* texture_0.jpg */ = {isa = PBXFileReference; lastKnownFileType = image.jpeg; path = texture_0.jpg; sourceTree = "<group>"; };
		F12BE4651E2453EB006412F1 /* texture_1.jpg */ = {isa = PBXFileReference; lastKnownFileType = image.jpeg; path = texture_1.jpg; sourceTree = "<group>"; };
		F12BE4661E2453EB006412F1 /* texture_2.jpg */ = {isa = PBXFileReference; lastKnownFileType = image.jpeg; path = texture_2.jpg; sourceTree = "<group>"; };
		F12BE4671E2453EB006412F1 /* texture_3.jpg */ = {isa = PBXFileReference; lastKnownFileType = image.jpeg; path = texture_3.jpg; sourceTree = "<group>"; };
		F12BE4681E2453EB006412F1 /* texture_4.jpg */ = {isa = PBXFileReference; lastKnownFileType = image.jpeg; path = texture_4.jpg; sourceTree = "<group>"; };
		F12BE4691E2453EB006412F1 /* texture_5.jpg */ = {isa = PBXFileReference; lastKnownFileType = image.jpeg; path = texture_5.jpg; sourceTree = "<group>"; };
		F12BE46A1E2453EB006412F1 /* texture_6.jpg */ = {isa = PBXFileReference; lastKnownFileType = image.jpeg; path = texture_6.jpg; sourceTree = "<group>"; };
		F12BE46B1E2453EB006412F1 /* texture_7.jpg */ = {isa = PBXFileReference; lastKnownFileType = image.jpeg; path = texture_7.jpg; sourceTree = "<group>"; };
		F12C10E41D60CDBC0071798C /* SearchViewController.swift */ = {isa = PBXFileReference; fileEncoding = 4; lastKnownFileType = sourcecode.swift; path = SearchViewController.swift; sourceTree = "<group>"; };
		F12C10E51D60CDBC0071798C /* SoldierSearch.swift */ = {isa = PBXFileReference; fileEncoding = 4; lastKnownFileType = sourcecode.swift; path = SoldierSearch.swift; sourceTree = "<group>"; };
		F12C10E81D60CDDB0071798C /* Reachability.swift */ = {isa = PBXFileReference; fileEncoding = 4; lastKnownFileType = sourcecode.swift; path = Reachability.swift; sourceTree = "<group>"; };
		F12C10EC1D61FD640071798C /* HistoryViewController.swift */ = {isa = PBXFileReference; fileEncoding = 4; lastKnownFileType = sourcecode.swift; path = HistoryViewController.swift; sourceTree = "<group>"; };
		F12C10EF1D620FB40071798C /* StatsViewController.swift */ = {isa = PBXFileReference; fileEncoding = 4; lastKnownFileType = sourcecode.swift; path = StatsViewController.swift; sourceTree = "<group>"; };
		F12C10F11D6210650071798C /* StatsReader.swift */ = {isa = PBXFileReference; fileEncoding = 4; lastKnownFileType = sourcecode.swift; path = StatsReader.swift; sourceTree = "<group>"; };
		F12C10FC1D6291810071798C /* SoldierLocation.swift */ = {isa = PBXFileReference; fileEncoding = 4; lastKnownFileType = sourcecode.swift; path = SoldierLocation.swift; sourceTree = "<group>"; };
		F12C10FE1D6291810071798C /* VCMapView.swift */ = {isa = PBXFileReference; fileEncoding = 4; lastKnownFileType = sourcecode.swift; path = VCMapView.swift; sourceTree = "<group>"; };
		F12C11021D62918E0071798C /* ProfileView.swift */ = {isa = PBXFileReference; fileEncoding = 4; lastKnownFileType = sourcecode.swift; path = ProfileView.swift; sourceTree = "<group>"; };
		F12C11041D62919A0071798C /* Medals.swift */ = {isa = PBXFileReference; fileEncoding = 4; lastKnownFileType = sourcecode.swift; path = Medals.swift; sourceTree = "<group>"; };
		F12C11061D6291A40071798C /* FriendsView.swift */ = {isa = PBXFileReference; fileEncoding = 4; lastKnownFileType = sourcecode.swift; path = FriendsView.swift; sourceTree = "<group>"; };
		F12C11081D6291AC0071798C /* BiographyView.swift */ = {isa = PBXFileReference; fileEncoding = 4; lastKnownFileType = sourcecode.swift; path = BiographyView.swift; sourceTree = "<group>"; };
		F12C110A1D6291B80071798C /* FaceBookViewController.swift */ = {isa = PBXFileReference; fileEncoding = 4; lastKnownFileType = sourcecode.swift; path = FaceBookViewController.swift; sourceTree = "<group>"; };
		F12C111D1D6CB7690071798C /* BattalionMoreContainer.swift */ = {isa = PBXFileReference; fileEncoding = 4; lastKnownFileType = sourcecode.swift; path = BattalionMoreContainer.swift; sourceTree = "<group>"; };
		F12C111F1D6CB7810071798C /* BattalionFactsContainer.swift */ = {isa = PBXFileReference; fileEncoding = 4; lastKnownFileType = sourcecode.swift; path = BattalionFactsContainer.swift; sourceTree = "<group>"; };
		F12C11211D6CB7910071798C /* BattalionInfoContainer.swift */ = {isa = PBXFileReference; fileEncoding = 4; lastKnownFileType = sourcecode.swift; path = BattalionInfoContainer.swift; sourceTree = "<group>"; };
		F12C11231D6CB7AB0071798C /* FullBattalionInfo.swift */ = {isa = PBXFileReference; fileEncoding = 4; lastKnownFileType = sourcecode.swift; path = FullBattalionInfo.swift; sourceTree = "<group>"; };
		F12C11241D6CB7AB0071798C /* SingleBattalionViewController.swift */ = {isa = PBXFileReference; fileEncoding = 4; lastKnownFileType = sourcecode.swift; path = SingleBattalionViewController.swift; sourceTree = "<group>"; };
		F12C11271D6CB7CD0071798C /* BattalionReader.swift */ = {isa = PBXFileReference; fileEncoding = 4; lastKnownFileType = sourcecode.swift; path = BattalionReader.swift; sourceTree = "<group>"; };
		F12C11281D6CB7CD0071798C /* Battalions.swift */ = {isa = PBXFileReference; fileEncoding = 4; lastKnownFileType = sourcecode.swift; path = Battalions.swift; sourceTree = "<group>"; };
		F12C11291D6CB7CD0071798C /* BattalionTableViewController.swift */ = {isa = PBXFileReference; fileEncoding = 4; lastKnownFileType = sourcecode.swift; path = BattalionTableViewController.swift; sourceTree = "<group>"; };
		F12C112A1D6CB7CD0071798C /* BattalionTest.plist */ = {isa = PBXFileReference; fileEncoding = 4; lastKnownFileType = text.plist.xml; path = BattalionTest.plist; sourceTree = "<group>"; };
		F12C112F1D6CFB670071798C /* TimelineView.swift */ = {isa = PBXFileReference; fileEncoding = 4; lastKnownFileType = sourcecode.swift; path = TimelineView.swift; sourceTree = "<group>"; };
		F12C116F1D7095FA0071798C /* MyVariables.swift */ = {isa = PBXFileReference; fileEncoding = 4; lastKnownFileType = sourcecode.swift; path = MyVariables.swift; sourceTree = "<group>"; };
		F12C117D1D71E1FB0071798C /* MedalReader.swift */ = {isa = PBXFileReference; fileEncoding = 4; lastKnownFileType = sourcecode.swift; path = MedalReader.swift; sourceTree = "<group>"; };
		F12C117E1D71E1FB0071798C /* Medals List.plist */ = {isa = PBXFileReference; fileEncoding = 4; lastKnownFileType = text.plist.xml; path = "Medals List.plist"; sourceTree = "<group>"; };
		F12C11841D732B360071798C /* VimyVirtualMemorialVC.swift */ = {isa = PBXFileReference; fileEncoding = 4; lastKnownFileType = sourcecode.swift; path = VimyVirtualMemorialVC.swift; sourceTree = "<group>"; };
		F12C11871D738ACB0071798C /* StudentBiographyViewController.swift */ = {isa = PBXFileReference; fileEncoding = 4; lastKnownFileType = sourcecode.swift; path = StudentBiographyViewController.swift; sourceTree = "<group>"; };
		F12C118A1D73AB010071798C /* WeaponDetailsVC.swift */ = {isa = PBXFileReference; fileEncoding = 4; lastKnownFileType = sourcecode.swift; path = WeaponDetailsVC.swift; sourceTree = "<group>"; };
		F12C118B1D73AB010071798C /* WeaponInfo.plist */ = {isa = PBXFileReference; fileEncoding = 4; lastKnownFileType = text.plist.xml; path = WeaponInfo.plist; sourceTree = "<group>"; };
		F12C118C1D73AB010071798C /* WeaponSelectVC.swift */ = {isa = PBXFileReference; fileEncoding = 4; lastKnownFileType = sourcecode.swift; path = WeaponSelectVC.swift; sourceTree = "<group>"; };
		F12C118D1D73AB010071798C /* WeaponsInfo.swift */ = {isa = PBXFileReference; fileEncoding = 4; lastKnownFileType = sourcecode.swift; path = WeaponsInfo.swift; sourceTree = "<group>"; };
		F12C11931D73ADA20071798C /* WeaponAssets.scnassets */ = {isa = PBXFileReference; lastKnownFileType = wrapper.scnassets; path = WeaponAssets.scnassets; sourceTree = "<group>"; };
		F133F22B1D7473810049B8BB /* bg.mp3 */ = {isa = PBXFileReference; lastKnownFileType = audio.mp3; path = bg.mp3; sourceTree = "<group>"; };
		F133F22C1D7473810049B8BB /* Util.swift */ = {isa = PBXFileReference; fileEncoding = 4; lastKnownFileType = sourcecode.swift; path = Util.swift; sourceTree = "<group>"; };
		F133F22F1D74764C0049B8BB /* Serenata Immortale.mp3 */ = {isa = PBXFileReference; lastKnownFileType = audio.mp3; path = "Serenata Immortale.mp3"; sourceTree = "<group>"; };
		F168B6221D860FF000A9719A /* AppIntro.m4a */ = {isa = PBXFileReference; lastKnownFileType = file; path = AppIntro.m4a; sourceTree = "<group>"; };
		F16B0FE31D4FA578004F2777 /* Vimy Ridge Project.app */ = {isa = PBXFileReference; explicitFileType = wrapper.application; includeInIndex = 0; path = "Vimy Ridge Project.app"; sourceTree = BUILT_PRODUCTS_DIR; };
		F16B0FE61D4FA578004F2777 /* AppDelegate.swift */ = {isa = PBXFileReference; lastKnownFileType = sourcecode.swift; path = AppDelegate.swift; sourceTree = "<group>"; };
		F16B0FEB1D4FA578004F2777 /* Base */ = {isa = PBXFileReference; lastKnownFileType = file.storyboard; name = Base; path = Base.lproj/Main.storyboard; sourceTree = "<group>"; };
		F16B0FF01D4FA578004F2777 /* Base */ = {isa = PBXFileReference; lastKnownFileType = file.storyboard; name = Base; path = Base.lproj/LaunchScreen.storyboard; sourceTree = "<group>"; };
		F16B0FF21D4FA578004F2777 /* Info.plist */ = {isa = PBXFileReference; lastKnownFileType = text.plist.xml; path = Info.plist; sourceTree = "<group>"; };
		F16B0FF71D4FA578004F2777 /* Vimy Ridge ProjectTests.xctest */ = {isa = PBXFileReference; explicitFileType = wrapper.cfbundle; includeInIndex = 0; path = "Vimy Ridge ProjectTests.xctest"; sourceTree = BUILT_PRODUCTS_DIR; };
		F16B0FFB1D4FA578004F2777 /* Vimy_Ridge_ProjectTests.swift */ = {isa = PBXFileReference; lastKnownFileType = sourcecode.swift; path = Vimy_Ridge_ProjectTests.swift; sourceTree = "<group>"; };
		F16B0FFD1D4FA578004F2777 /* Info.plist */ = {isa = PBXFileReference; lastKnownFileType = text.plist.xml; path = Info.plist; sourceTree = "<group>"; };
		F16B10021D4FA578004F2777 /* Vimy Ridge ProjectUITests.xctest */ = {isa = PBXFileReference; explicitFileType = wrapper.cfbundle; includeInIndex = 0; path = "Vimy Ridge ProjectUITests.xctest"; sourceTree = BUILT_PRODUCTS_DIR; };
		F16B10061D4FA578004F2777 /* Vimy_Ridge_ProjectUITests.swift */ = {isa = PBXFileReference; lastKnownFileType = sourcecode.swift; path = Vimy_Ridge_ProjectUITests.swift; sourceTree = "<group>"; };
		F16B10081D4FA578004F2777 /* Info.plist */ = {isa = PBXFileReference; lastKnownFileType = text.plist.xml; path = Info.plist; sourceTree = "<group>"; };
		F16B10141D4FA6EF004F2777 /* Images.xcassets */ = {isa = PBXFileReference; lastKnownFileType = folder.assetcatalog; path = Images.xcassets; sourceTree = "<group>"; };
		F16B10161D4FA735004F2777 /* HomeViewController.swift */ = {isa = PBXFileReference; fileEncoding = 4; lastKnownFileType = sourcecode.swift; path = HomeViewController.swift; sourceTree = "<group>"; };
		F16B10181D4FA929004F2777 /* SwiftyJSON.swift */ = {isa = PBXFileReference; fileEncoding = 4; lastKnownFileType = sourcecode.swift; path = SwiftyJSON.swift; sourceTree = "<group>"; };
		F16B10191D4FA929004F2777 /* FullSoldier.swift */ = {isa = PBXFileReference; fileEncoding = 4; lastKnownFileType = sourcecode.swift; path = FullSoldier.swift; sourceTree = "<group>"; };
		F170B8E11D4FB8D600118440 /* CemAnno.swift */ = {isa = PBXFileReference; fileEncoding = 4; lastKnownFileType = sourcecode.swift; path = CemAnno.swift; sourceTree = "<group>"; };
		F170B8E21D4FB8D600118440 /* CemViewController.swift */ = {isa = PBXFileReference; fileEncoding = 4; lastKnownFileType = sourcecode.swift; path = CemViewController.swift; sourceTree = "<group>"; };
		F170B8E31D4FB8D600118440 /* CoordinatePrime.plist */ = {isa = PBXFileReference; fileEncoding = 4; lastKnownFileType = text.plist.xml; path = CoordinatePrime.plist; sourceTree = "<group>"; };
		F170B8E41D4FB8D600118440 /* VimyCoordinates.swift */ = {isa = PBXFileReference; fileEncoding = 4; lastKnownFileType = sourcecode.swift; path = VimyCoordinates.swift; sourceTree = "<group>"; };
		F170B8E91D4FB90C00118440 /* BattalionMapVC.swift */ = {isa = PBXFileReference; fileEncoding = 4; lastKnownFileType = sourcecode.swift; path = BattalionMapVC.swift; sourceTree = "<group>"; };
		F170B8EA1D4FB90C00118440 /* BattalionMovement.plist */ = {isa = PBXFileReference; fileEncoding = 4; lastKnownFileType = text.plist.xml; path = BattalionMovement.plist; sourceTree = "<group>"; };
		F170B8EB1D4FB90C00118440 /* BattalionsCoords.swift */ = {isa = PBXFileReference; fileEncoding = 4; lastKnownFileType = sourcecode.swift; path = BattalionsCoords.swift; sourceTree = "<group>"; };
		F170B8EC1D4FB90C00118440 /* CustomAnnotation.swift */ = {isa = PBXFileReference; fileEncoding = 4; lastKnownFileType = sourcecode.swift; path = CustomAnnotation.swift; sourceTree = "<group>"; };
		F170B8F11D4FB93400118440 /* AdvProp.swift */ = {isa = PBXFileReference; fileEncoding = 4; lastKnownFileType = sourcecode.swift; path = AdvProp.swift; sourceTree = "<group>"; };
		F170B8F21D4FB93400118440 /* daysOfBattle.plist */ = {isa = PBXFileReference; fileEncoding = 4; lastKnownFileType = text.plist.xml; path = daysOfBattle.plist; sourceTree = "<group>"; };
		F170B8F31D4FB93400118440 /* TLPViewController.swift */ = {isa = PBXFileReference; fileEncoding = 4; lastKnownFileType = sourcecode.swift; path = TLPViewController.swift; sourceTree = "<group>"; };
		F170B8F71D4FB94D00118440 /* westernFront.plist */ = {isa = PBXFileReference; fileEncoding = 4; lastKnownFileType = text.plist.xml; path = westernFront.plist; sourceTree = "<group>"; };
		F170B8F81D4FB94D00118440 /* WesternFrontController.swift */ = {isa = PBXFileReference; fileEncoding = 4; lastKnownFileType = sourcecode.swift; path = WesternFrontController.swift; sourceTree = "<group>"; };
		F170B8F91D4FB94D00118440 /* WesternFrontLinesCoords.swift */ = {isa = PBXFileReference; fileEncoding = 4; lastKnownFileType = sourcecode.swift; path = WesternFrontLinesCoords.swift; sourceTree = "<group>"; };
		F170B8FD1D4FBA4300118440 /* MapViewController.swift */ = {isa = PBXFileReference; fileEncoding = 4; lastKnownFileType = sourcecode.swift; path = MapViewController.swift; sourceTree = "<group>"; };
		F1993B141D5226E9001F40F0 /* MenuVC.swift */ = {isa = PBXFileReference; fileEncoding = 4; lastKnownFileType = sourcecode.swift; path = MenuVC.swift; sourceTree = "<group>"; };
		F1E7D6331E1419B300182A9C /* FacebookMilitaryVC.swift */ = {isa = PBXFileReference; fileEncoding = 4; lastKnownFileType = sourcecode.swift; path = FacebookMilitaryVC.swift; sourceTree = "<group>"; };
		F1E7D6341E1419B300182A9C /* FacebookNonMilitaryVC.swift */ = {isa = PBXFileReference; fileEncoding = 4; lastKnownFileType = sourcecode.swift; path = FacebookNonMilitaryVC.swift; sourceTree = "<group>"; };
		F1E7D6381E1469B500182A9C /* Roman Stonecut.ttf */ = {isa = PBXFileReference; lastKnownFileType = file; path = "Roman Stonecut.ttf"; sourceTree = "<group>"; };
		F1E7D63A1E146DEA00182A9C /* Custom Segue.swift */ = {isa = PBXFileReference; fileEncoding = 4; lastKnownFileType = sourcecode.swift; path = "Custom Segue.swift"; sourceTree = "<group>"; };
		F1E7D63F1E16BE3900182A9C /* ArtworkViewController.swift */ = {isa = PBXFileReference; fileEncoding = 4; lastKnownFileType = sourcecode.swift; path = ArtworkViewController.swift; sourceTree = "<group>"; };
		F1E7D6401E16BE3900182A9C /* FullImageView.swift */ = {isa = PBXFileReference; fileEncoding = 4; lastKnownFileType = sourcecode.swift; path = FullImageView.swift; sourceTree = "<group>"; };
		F1E7D6411E16BE3900182A9C /* ImageCollecionViewCell.swift */ = {isa = PBXFileReference; fileEncoding = 4; lastKnownFileType = sourcecode.swift; path = ImageCollecionViewCell.swift; sourceTree = "<group>"; };
		F1E7D6421E16BE3900182A9C /* ImageObject.swift */ = {isa = PBXFileReference; fileEncoding = 4; lastKnownFileType = sourcecode.swift; path = ImageObject.swift; sourceTree = "<group>"; };
		F1E7D6431E16BE3900182A9C /* ImageReader.swift */ = {isa = PBXFileReference; fileEncoding = 4; lastKnownFileType = sourcecode.swift; path = ImageReader.swift; sourceTree = "<group>"; };
		F1E7D64B1E16C0C000182A9C /* Artwork.xcassets */ = {isa = PBXFileReference; lastKnownFileType = folder.assetcatalog; path = Artwork.xcassets; sourceTree = "<group>"; };
		F1E7D64E1E16F2D300182A9C /* AboutViewController.swift */ = {isa = PBXFileReference; fileEncoding = 4; lastKnownFileType = sourcecode.swift; path = AboutViewController.swift; sourceTree = "<group>"; };
		F1E7D6501E16F2F800182A9C /* DevelopersTableVC.swift */ = {isa = PBXFileReference; fileEncoding = 4; lastKnownFileType = sourcecode.swift; path = DevelopersTableVC.swift; sourceTree = "<group>"; };
/* End PBXFileReference section */

/* Begin PBXFrameworksBuildPhase section */
		F16B0FE01D4FA578004F2777 /* Frameworks */ = {
			isa = PBXFrameworksBuildPhase;
			buildActionMask = 2147483647;
			files = (
				F123F2E71E1BF63E00BD47F6 /* MapKit.framework in Frameworks */,
			);
			runOnlyForDeploymentPostprocessing = 0;
		};
		F16B0FF41D4FA578004F2777 /* Frameworks */ = {
			isa = PBXFrameworksBuildPhase;
			buildActionMask = 2147483647;
			files = (
			);
			runOnlyForDeploymentPostprocessing = 0;
		};
		F16B0FFF1D4FA578004F2777 /* Frameworks */ = {
			isa = PBXFrameworksBuildPhase;
			buildActionMask = 2147483647;
			files = (
			);
			runOnlyForDeploymentPostprocessing = 0;
		};
/* End PBXFrameworksBuildPhase section */

/* Begin PBXGroup section */
		3FEB443F1E0C606100620494 /* SoldierOfHour */ = {
			isa = PBXGroup;
			children = (
				3FEB44401E0C60AC00620494 /* SoldierOfHourNavController.swift */,
			);
			name = SoldierOfHour;
			sourceTree = "<group>";
		};
		F123F2E51E1BF63E00BD47F6 /* Frameworks */ = {
			isa = PBXGroup;
			children = (
				F123F2E61E1BF63E00BD47F6 /* MapKit.framework */,
			);
			name = Frameworks;
			sourceTree = "<group>";
		};
		F12BE45D1E245340006412F1 /* Vimy Myths */ = {
			isa = PBXGroup;
			children = (
				F12BE45E1E24535D006412F1 /* VimyMythsScreenViewController.swift */,
				F12BE45F1E24535D006412F1 /* VimyMythsViewController.swift */,
			);
			name = "Vimy Myths";
			sourceTree = "<group>";
		};
		F12BE4621E2453EB006412F1 /* untitled */ = {
			isa = PBXGroup;
			children = (
				F12BE4631E2453EB006412F1 /* texture.jpg */,
				F12BE4641E2453EB006412F1 /* texture_0.jpg */,
				F12BE4651E2453EB006412F1 /* texture_1.jpg */,
				F12BE4661E2453EB006412F1 /* texture_2.jpg */,
				F12BE4671E2453EB006412F1 /* texture_3.jpg */,
				F12BE4681E2453EB006412F1 /* texture_4.jpg */,
				F12BE4691E2453EB006412F1 /* texture_5.jpg */,
				F12BE46A1E2453EB006412F1 /* texture_6.jpg */,
				F12BE46B1E2453EB006412F1 /* texture_7.jpg */,
			);
			name = untitled;
			path = WeaponAssets.scnassets/untitled;
			sourceTree = "<group>";
		};
		F12C10DC1D562EA10071798C /* Home */ = {
			isa = PBXGroup;
			children = (
				F16B10161D4FA735004F2777 /* HomeViewController.swift */,
			);
			name = Home;
			sourceTree = "<group>";
		};
		F12C10E31D60CD960071798C /* Search */ = {
			isa = PBXGroup;
			children = (
				F12C10E41D60CDBC0071798C /* SearchViewController.swift */,
				F12C10E51D60CDBC0071798C /* SoldierSearch.swift */,
			);
			name = Search;
			sourceTree = "<group>";
		};
		F12C10EA1D60CDE80071798C /* Helper Classes */ = {
			isa = PBXGroup;
			children = (
				3FDA16421E40DA310030306D /* DeviceExtension.swift */,
				F16B10181D4FA929004F2777 /* SwiftyJSON.swift */,
				F12C10E81D60CDDB0071798C /* Reachability.swift */,
				F16B10191D4FA929004F2777 /* FullSoldier.swift */,
				F12C116F1D7095FA0071798C /* MyVariables.swift */,
			);
			name = "Helper Classes";
			sourceTree = "<group>";
		};
		F12C10EB1D61FC840071798C /* History */ = {
			isa = PBXGroup;
			children = (
				F12C10EC1D61FD640071798C /* HistoryViewController.swift */,
				F133F2311D75E1840049B8BB /* Artwork */,
				F12C10EE1D61FEFB0071798C /* Stats */,
				F12BE45D1E245340006412F1 /* Vimy Myths */,
			);
			name = History;
			sourceTree = "<group>";
		};
		F12C10EE1D61FEFB0071798C /* Stats */ = {
			isa = PBXGroup;
			children = (
				3FDA16441E40DC5D0030306D /* Stats.plist */,
				F12C10F11D6210650071798C /* StatsReader.swift */,
				F12C10EF1D620FB40071798C /* StatsViewController.swift */,
				3FE011BF1E0AE8520067DFD0 /* StatsTableViewController.swift */,
				3FE011C11E0AE85D0067DFD0 /* CollapsibleTableViewHeader.swift */,
				3FE011C31E0AE8630067DFD0 /* Extensions.swift */,
				3FE011C71E0AE8770067DFD0 /* BensTableViewCell.swift */,
				3FE011C91E0AE8810067DFD0 /* old paper.jpg */,
				3FE011CB1E0AF6DD0067DFD0 /* vimyWallBrickupLight1.jpg */,
			);
			name = Stats;
			sourceTree = "<group>";
		};
		F12C10F51D6290890071798C /* Facebook */ = {
			isa = PBXGroup;
			children = (
				F12C110A1D6291B80071798C /* FaceBookViewController.swift */,
				F1E7D6371E141BDC00182A9C /* Military and Non Military */,
				F12C10FB1D6290BE0071798C /* Timeline */,
				F12C10FA1D6290B90071798C /* Profile */,
				F12C10F91D6290B20071798C /* Photos */,
				F12C10F81D6290A60071798C /* Medals */,
				F12C10F71D6290A00071798C /* Friends */,
				F12C10F61D6290910071798C /* Biography */,
				F12C11861D738AA40071798C /* Student Bio */,
			);
			name = Facebook;
			sourceTree = "<group>";
		};
		F12C10F61D6290910071798C /* Biography */ = {
			isa = PBXGroup;
			children = (
				F12C11081D6291AC0071798C /* BiographyView.swift */,
			);
			name = Biography;
			sourceTree = "<group>";
		};
		F12C10F71D6290A00071798C /* Friends */ = {
			isa = PBXGroup;
			children = (
				3FA970781E25569800B5B394 /* FriendsMatcher.swift */,
				F12C11061D6291A40071798C /* FriendsView.swift */,
			);
			name = Friends;
			sourceTree = "<group>";
		};
		F12C10F81D6290A60071798C /* Medals */ = {
			isa = PBXGroup;
			children = (
				F12C117D1D71E1FB0071798C /* MedalReader.swift */,
				F12C117E1D71E1FB0071798C /* Medals List.plist */,
				F12C11041D62919A0071798C /* Medals.swift */,
			);
			name = Medals;
			sourceTree = "<group>";
		};
		F12C10F91D6290B20071798C /* Photos */ = {
			isa = PBXGroup;
			children = (
			);
			name = Photos;
			sourceTree = "<group>";
		};
		F12C10FA1D6290B90071798C /* Profile */ = {
			isa = PBXGroup;
			children = (
				F12C11021D62918E0071798C /* ProfileView.swift */,
			);
			name = Profile;
			sourceTree = "<group>";
		};
		F12C10FB1D6290BE0071798C /* Timeline */ = {
			isa = PBXGroup;
			children = (
				F12C112F1D6CFB670071798C /* TimelineView.swift */,
				F12C10FC1D6291810071798C /* SoldierLocation.swift */,
				F12C10FE1D6291810071798C /* VCMapView.swift */,
			);
			name = Timeline;
			sourceTree = "<group>";
		};
		F12C11171D6CB6C40071798C /* Battalions */ = {
			isa = PBXGroup;
			children = (
				F12C11191D6CB6E00071798C /* Single Battalion */,
				F12C11181D6CB6CF0071798C /* Battalion Search */,
			);
			name = Battalions;
			sourceTree = "<group>";
		};
		F12C11181D6CB6CF0071798C /* Battalion Search */ = {
			isa = PBXGroup;
			children = (
				F12C11271D6CB7CD0071798C /* BattalionReader.swift */,
				F12C11281D6CB7CD0071798C /* Battalions.swift */,
				F12C11291D6CB7CD0071798C /* BattalionTableViewController.swift */,
				F12C112A1D6CB7CD0071798C /* BattalionTest.plist */,
				3FA970751E2414C400B5B394 /* BattalionCollapsibleTableVC.swift */,
			);
			name = "Battalion Search";
			sourceTree = "<group>";
		};
		F12C11191D6CB6E00071798C /* Single Battalion */ = {
			isa = PBXGroup;
			children = (
				F12C11231D6CB7AB0071798C /* FullBattalionInfo.swift */,
				F12C11241D6CB7AB0071798C /* SingleBattalionViewController.swift */,
				F12C111A1D6CB71B0071798C /* BattalionInfo */,
				F12C111C1D6CB7410071798C /* BattalionMore */,
				F12C111B1D6CB7380071798C /* BattalionFacts */,
				F1E7D63E1E15545D00182A9C /* SoldiersInfo */,
			);
			name = "Single Battalion";
			sourceTree = "<group>";
		};
		F12C111A1D6CB71B0071798C /* BattalionInfo */ = {
			isa = PBXGroup;
			children = (
				F12C11211D6CB7910071798C /* BattalionInfoContainer.swift */,
			);
			name = BattalionInfo;
			sourceTree = "<group>";
		};
		F12C111B1D6CB7380071798C /* BattalionFacts */ = {
			isa = PBXGroup;
			children = (
				F12C111F1D6CB7810071798C /* BattalionFactsContainer.swift */,
			);
			name = BattalionFacts;
			sourceTree = "<group>";
		};
		F12C111C1D6CB7410071798C /* BattalionMore */ = {
			isa = PBXGroup;
			children = (
				F12C111D1D6CB7690071798C /* BattalionMoreContainer.swift */,
			);
			name = BattalionMore;
			sourceTree = "<group>";
		};
		F12C11811D732AD40071798C /* Virtual Memorial */ = {
			isa = PBXGroup;
			children = (
				F1E7D63A1E146DEA00182A9C /* Custom Segue.swift */,
				F12C11841D732B360071798C /* VimyVirtualMemorialVC.swift */,
			);
			name = "Virtual Memorial";
			sourceTree = "<group>";
		};
		F12C11861D738AA40071798C /* Student Bio */ = {
			isa = PBXGroup;
			children = (
				F12C11871D738ACB0071798C /* StudentBiographyViewController.swift */,
			);
			name = "Student Bio";
			sourceTree = "<group>";
		};
		F12C11891D73AAD70071798C /* Weapons */ = {
			isa = PBXGroup;
			children = (
				F12C118A1D73AB010071798C /* WeaponDetailsVC.swift */,
				F12C118B1D73AB010071798C /* WeaponInfo.plist */,
				F12C118C1D73AB010071798C /* WeaponSelectVC.swift */,
				F12C118D1D73AB010071798C /* WeaponsInfo.swift */,
				3F07E7221E37CBAD00489FEB /* SpencerTableViewCell.swift */,
				F12BE4621E2453EB006412F1 /* untitled */,
				F12C11931D73ADA20071798C /* WeaponAssets.scnassets */,
			);
			name = Weapons;
			sourceTree = "<group>";
		};
		F133F22A1D74734F0049B8BB /* Music */ = {
			isa = PBXGroup;
			children = (
				F168B6221D860FF000A9719A /* AppIntro.m4a */,
				F133F22F1D74764C0049B8BB /* Serenata Immortale.mp3 */,
				F133F22B1D7473810049B8BB /* bg.mp3 */,
				F133F22C1D7473810049B8BB /* Util.swift */,
			);
			name = Music;
			sourceTree = "<group>";
		};
		F133F2311D75E1840049B8BB /* Artwork */ = {
			isa = PBXGroup;
			children = (
				3F2605EB1E424200004BC9D5 /* Images.plist */,
				3F2605E91E423F2E004BC9D5 /* FullArtworkView.swift */,
				F1E7D63F1E16BE3900182A9C /* ArtworkViewController.swift */,
				F1E7D6401E16BE3900182A9C /* FullImageView.swift */,
				F1E7D6411E16BE3900182A9C /* ImageCollecionViewCell.swift */,
				F1E7D6421E16BE3900182A9C /* ImageObject.swift */,
				F1E7D6431E16BE3900182A9C /* ImageReader.swift */,
				F1E7D64B1E16C0C000182A9C /* Artwork.xcassets */,
			);
			name = Artwork;
			sourceTree = "<group>";
		};
		F16B0FDA1D4FA578004F2777 = {
			isa = PBXGroup;
			children = (
				F16B0FE51D4FA578004F2777 /* Vimy Ridge Project */,
				F16B0FFA1D4FA578004F2777 /* Vimy Ridge ProjectTests */,
				F16B10051D4FA578004F2777 /* Vimy Ridge ProjectUITests */,
				F16B0FE41D4FA578004F2777 /* Products */,
				F123F2E51E1BF63E00BD47F6 /* Frameworks */,
			);
			sourceTree = "<group>";
		};
		F16B0FE41D4FA578004F2777 /* Products */ = {
			isa = PBXGroup;
			children = (
				F16B0FE31D4FA578004F2777 /* Vimy Ridge Project.app */,
				F16B0FF71D4FA578004F2777 /* Vimy Ridge ProjectTests.xctest */,
				F16B10021D4FA578004F2777 /* Vimy Ridge ProjectUITests.xctest */,
			);
			name = Products;
			sourceTree = "<group>";
		};
		F16B0FE51D4FA578004F2777 /* Vimy Ridge Project */ = {
			isa = PBXGroup;
			children = (
				F16B0FE61D4FA578004F2777 /* AppDelegate.swift */,
				F16B0FEA1D4FA578004F2777 /* Main.storyboard */,
				F12C10DC1D562EA10071798C /* Home */,
				F1E7D64D1E16F2AD00182A9C /* About */,
				3FEB443F1E0C606100620494 /* SoldierOfHour */,
				F12C11171D6CB6C40071798C /* Battalions */,
				F12C10F51D6290890071798C /* Facebook */,
				F12C10EB1D61FC840071798C /* History */,
				F12C10E31D60CD960071798C /* Search */,
				F12C11811D732AD40071798C /* Virtual Memorial */,
				F16B101C1D4FB477004F2777 /* Maps */,
				F12C11891D73AAD70071798C /* Weapons */,
				F133F22A1D74734F0049B8BB /* Music */,
				F16B10141D4FA6EF004F2777 /* Images.xcassets */,
				F16B0FEF1D4FA578004F2777 /* LaunchScreen.storyboard */,
				F1E7D6381E1469B500182A9C /* Roman Stonecut.ttf */,
				3FB55EED1DCFB0FE00652653 /* Chapter 11 W00 Regular.ttf */,
				F12C10EA1D60CDE80071798C /* Helper Classes */,
				F16B0FF21D4FA578004F2777 /* Info.plist */,
			);
			path = "Vimy Ridge Project";
			sourceTree = "<group>";
		};
		F16B0FFA1D4FA578004F2777 /* Vimy Ridge ProjectTests */ = {
			isa = PBXGroup;
			children = (
				F16B0FFB1D4FA578004F2777 /* Vimy_Ridge_ProjectTests.swift */,
				F16B0FFD1D4FA578004F2777 /* Info.plist */,
			);
			path = "Vimy Ridge ProjectTests";
			sourceTree = "<group>";
		};
		F16B10051D4FA578004F2777 /* Vimy Ridge ProjectUITests */ = {
			isa = PBXGroup;
			children = (
				F16B10061D4FA578004F2777 /* Vimy_Ridge_ProjectUITests.swift */,
				F16B10081D4FA578004F2777 /* Info.plist */,
			);
			path = "Vimy Ridge ProjectUITests";
			sourceTree = "<group>";
		};
		F16B101C1D4FB477004F2777 /* Maps */ = {
			isa = PBXGroup;
			children = (
				F170B8FD1D4FBA4300118440 /* MapViewController.swift */,
				F1993B141D5226E9001F40F0 /* MenuVC.swift */,
				F170B8DF1D4FB7D200118440 /* Battalions */,
				F170B8DD1D4FB7CC00118440 /* Battle Progression */,
				F170B8E01D4FB7D400118440 /* Cemeteries */,
				F170B8DE1D4FB7D000118440 /* Western Front */,
			);
			name = Maps;
			sourceTree = "<group>";
		};
		F170B8DD1D4FB7CC00118440 /* Battle Progression */ = {
			isa = PBXGroup;
			children = (
				F170B8F11D4FB93400118440 /* AdvProp.swift */,
				F170B8F21D4FB93400118440 /* daysOfBattle.plist */,
				F170B8F31D4FB93400118440 /* TLPViewController.swift */,
			);
			name = "Battle Progression";
			sourceTree = "<group>";
		};
		F170B8DE1D4FB7D000118440 /* Western Front */ = {
			isa = PBXGroup;
			children = (
				F123F2E11E1AAD9000BD47F6 /* FlagOverlay.swift */,
				F123F2E21E1AAD9000BD47F6 /* FlagOverlayView.swift */,
				F123F2DD1E1AAD6E00BD47F6 /* FlagPlistReader.swift */,
				F123F2DE1E1AAD6E00BD47F6 /* Flags.plist */,
				F170B8F71D4FB94D00118440 /* westernFront.plist */,
				F170B8F81D4FB94D00118440 /* WesternFrontController.swift */,
				F170B8F91D4FB94D00118440 /* WesternFrontLinesCoords.swift */,
			);
			name = "Western Front";
			sourceTree = "<group>";
		};
		F170B8DF1D4FB7D200118440 /* Battalions */ = {
			isa = PBXGroup;
			children = (
				F170B8E91D4FB90C00118440 /* BattalionMapVC.swift */,
				F170B8EA1D4FB90C00118440 /* BattalionMovement.plist */,
				F170B8EB1D4FB90C00118440 /* BattalionsCoords.swift */,
				F170B8EC1D4FB90C00118440 /* CustomAnnotation.swift */,
			);
			name = Battalions;
			sourceTree = "<group>";
		};
		F170B8E01D4FB7D400118440 /* Cemeteries */ = {
			isa = PBXGroup;
			children = (
				F170B8E11D4FB8D600118440 /* CemAnno.swift */,
				F170B8E21D4FB8D600118440 /* CemViewController.swift */,
				F170B8E31D4FB8D600118440 /* CoordinatePrime.plist */,
				F170B8E41D4FB8D600118440 /* VimyCoordinates.swift */,
			);
			name = Cemeteries;
			sourceTree = "<group>";
		};
		F1E7D6371E141BDC00182A9C /* Military and Non Military */ = {
			isa = PBXGroup;
			children = (
				F1E7D6331E1419B300182A9C /* FacebookMilitaryVC.swift */,
				F1E7D6341E1419B300182A9C /* FacebookNonMilitaryVC.swift */,
			);
			name = "Military and Non Military";
			sourceTree = "<group>";
		};
		F1E7D63E1E15545D00182A9C /* SoldiersInfo */ = {
			isa = PBXGroup;
			children = (
			);
			name = SoldiersInfo;
			sourceTree = "<group>";
		};
		F1E7D64D1E16F2AD00182A9C /* About */ = {
			isa = PBXGroup;
			children = (
				F1E7D6501E16F2F800182A9C /* DevelopersTableVC.swift */,
				F1E7D64E1E16F2D300182A9C /* AboutViewController.swift */,
			);
			name = About;
			sourceTree = "<group>";
		};
/* End PBXGroup section */

/* Begin PBXNativeTarget section */
		F16B0FE21D4FA578004F2777 /* Vimy Ridge Project */ = {
			isa = PBXNativeTarget;
			buildConfigurationList = F16B100B1D4FA578004F2777 /* Build configuration list for PBXNativeTarget "Vimy Ridge Project" */;
			buildPhases = (
				F16B0FDF1D4FA578004F2777 /* Sources */,
				F16B0FE01D4FA578004F2777 /* Frameworks */,
				F16B0FE11D4FA578004F2777 /* Resources */,
			);
			buildRules = (
			);
			dependencies = (
			);
			name = "Vimy Ridge Project";
			productName = "Vimy Ridge Project";
			productReference = F16B0FE31D4FA578004F2777 /* Vimy Ridge Project.app */;
			productType = "com.apple.product-type.application";
		};
		F16B0FF61D4FA578004F2777 /* Vimy Ridge ProjectTests */ = {
			isa = PBXNativeTarget;
			buildConfigurationList = F16B100E1D4FA578004F2777 /* Build configuration list for PBXNativeTarget "Vimy Ridge ProjectTests" */;
			buildPhases = (
				F16B0FF31D4FA578004F2777 /* Sources */,
				F16B0FF41D4FA578004F2777 /* Frameworks */,
				F16B0FF51D4FA578004F2777 /* Resources */,
			);
			buildRules = (
			);
			dependencies = (
				F16B0FF91D4FA578004F2777 /* PBXTargetDependency */,
			);
			name = "Vimy Ridge ProjectTests";
			productName = "Vimy Ridge ProjectTests";
			productReference = F16B0FF71D4FA578004F2777 /* Vimy Ridge ProjectTests.xctest */;
			productType = "com.apple.product-type.bundle.unit-test";
		};
		F16B10011D4FA578004F2777 /* Vimy Ridge ProjectUITests */ = {
			isa = PBXNativeTarget;
			buildConfigurationList = F16B10111D4FA578004F2777 /* Build configuration list for PBXNativeTarget "Vimy Ridge ProjectUITests" */;
			buildPhases = (
				F16B0FFE1D4FA578004F2777 /* Sources */,
				F16B0FFF1D4FA578004F2777 /* Frameworks */,
				F16B10001D4FA578004F2777 /* Resources */,
			);
			buildRules = (
			);
			dependencies = (
				F16B10041D4FA578004F2777 /* PBXTargetDependency */,
			);
			name = "Vimy Ridge ProjectUITests";
			productName = "Vimy Ridge ProjectUITests";
			productReference = F16B10021D4FA578004F2777 /* Vimy Ridge ProjectUITests.xctest */;
			productType = "com.apple.product-type.bundle.ui-testing";
		};
/* End PBXNativeTarget section */

/* Begin PBXProject section */
		F16B0FDB1D4FA578004F2777 /* Project object */ = {
			isa = PBXProject;
			attributes = {
				LastSwiftUpdateCheck = 0730;
				LastUpgradeCheck = 0800;
				ORGANIZATIONNAME = "Mason Black";
				TargetAttributes = {
					F16B0FE21D4FA578004F2777 = {
						CreatedOnToolsVersion = 7.3.1;
						DevelopmentTeam = 6M6MD3ZAQR;
						LastSwiftMigration = 0800;
						ProvisioningStyle = Automatic;
						SystemCapabilities = {
							com.apple.Maps.iOS = {
								enabled = 1;
							};
						};
					};
					F16B0FF61D4FA578004F2777 = {
						CreatedOnToolsVersion = 7.3.1;
						LastSwiftMigration = 0800;
						TestTargetID = F16B0FE21D4FA578004F2777;
					};
					F16B10011D4FA578004F2777 = {
						CreatedOnToolsVersion = 7.3.1;
						LastSwiftMigration = 0800;
						TestTargetID = F16B0FE21D4FA578004F2777;
					};
				};
			};
			buildConfigurationList = F16B0FDE1D4FA578004F2777 /* Build configuration list for PBXProject "Vimy Ridge Project" */;
			compatibilityVersion = "Xcode 3.2";
			developmentRegion = English;
			hasScannedForEncodings = 0;
			knownRegions = (
				en,
				Base,
			);
			mainGroup = F16B0FDA1D4FA578004F2777;
			productRefGroup = F16B0FE41D4FA578004F2777 /* Products */;
			projectDirPath = "";
			projectRoot = "";
			targets = (
				F16B0FE21D4FA578004F2777 /* Vimy Ridge Project */,
				F16B0FF61D4FA578004F2777 /* Vimy Ridge ProjectTests */,
				F16B10011D4FA578004F2777 /* Vimy Ridge ProjectUITests */,
			);
		};
/* End PBXProject section */

/* Begin PBXResourcesBuildPhase section */
		F16B0FE11D4FA578004F2777 /* Resources */ = {
			isa = PBXResourcesBuildPhase;
			buildActionMask = 2147483647;
			files = (
				F133F22D1D7473810049B8BB /* bg.mp3 in Resources */,
				F16B0FF11D4FA578004F2777 /* LaunchScreen.storyboard in Resources */,
				3FDA16451E40DC5D0030306D /* Stats.plist in Resources */,
				F12C112E1D6CB7CD0071798C /* BattalionTest.plist in Resources */,
				F1E7D6391E1469B500182A9C /* Roman Stonecut.ttf in Resources */,
				F12BE46C1E2453EB006412F1 /* texture.jpg in Resources */,
				F133F2301D74764C0049B8BB /* Serenata Immortale.mp3 in Resources */,
				F12BE4721E2453EB006412F1 /* texture_5.jpg in Resources */,
				F12BE4741E2453EB006412F1 /* texture_7.jpg in Resources */,
				F170B8E71D4FB8D600118440 /* CoordinatePrime.plist in Resources */,
				F170B8F51D4FB93400118440 /* daysOfBattle.plist in Resources */,
				3F2605EC1E424200004BC9D5 /* Images.plist in Resources */,
				F12BE46F1E2453EB006412F1 /* texture_2.jpg in Resources */,
				F1E7D64C1E16C0C000182A9C /* Artwork.xcassets in Resources */,
				F170B8EE1D4FB90C00118440 /* BattalionMovement.plist in Resources */,
				F12C11801D71E1FB0071798C /* Medals List.plist in Resources */,
				3FB55EEE1DCFB0FE00652653 /* Chapter 11 W00 Regular.ttf in Resources */,
				F123F2E01E1AAD6E00BD47F6 /* Flags.plist in Resources */,
				F16B10151D4FA6EF004F2777 /* Images.xcassets in Resources */,
				F170B8FA1D4FB94D00118440 /* westernFront.plist in Resources */,
				F12BE4701E2453EB006412F1 /* texture_3.jpg in Resources */,
				3FE011CA1E0AE8810067DFD0 /* old paper.jpg in Resources */,
				F12BE4731E2453EB006412F1 /* texture_6.jpg in Resources */,
				F168B6231D860FF000A9719A /* AppIntro.m4a in Resources */,
				F12C118F1D73AB010071798C /* WeaponInfo.plist in Resources */,
				F12BE46E1E2453EB006412F1 /* texture_1.jpg in Resources */,
				F12BE46D1E2453EB006412F1 /* texture_0.jpg in Resources */,
				F12BE4711E2453EB006412F1 /* texture_4.jpg in Resources */,
				F16B0FEC1D4FA578004F2777 /* Main.storyboard in Resources */,
				3FE011CC1E0AF6DD0067DFD0 /* vimyWallBrickupLight1.jpg in Resources */,
				F12C11941D73ADA20071798C /* WeaponAssets.scnassets in Resources */,
			);
			runOnlyForDeploymentPostprocessing = 0;
		};
		F16B0FF51D4FA578004F2777 /* Resources */ = {
			isa = PBXResourcesBuildPhase;
			buildActionMask = 2147483647;
			files = (
			);
			runOnlyForDeploymentPostprocessing = 0;
		};
		F16B10001D4FA578004F2777 /* Resources */ = {
			isa = PBXResourcesBuildPhase;
			buildActionMask = 2147483647;
			files = (
			);
			runOnlyForDeploymentPostprocessing = 0;
		};
/* End PBXResourcesBuildPhase section */

/* Begin PBXSourcesBuildPhase section */
		F16B0FDF1D4FA578004F2777 /* Sources */ = {
			isa = PBXSourcesBuildPhase;
			buildActionMask = 2147483647;
			files = (
				F123F2E31E1AAD9000BD47F6 /* FlagOverlay.swift in Sources */,
				F170B8FE1D4FBA4300118440 /* MapViewController.swift in Sources */,
				F170B8F41D4FB93400118440 /* AdvProp.swift in Sources */,
				F12C10E91D60CDDB0071798C /* Reachability.swift in Sources */,
				F12C10ED1D61FD640071798C /* HistoryViewController.swift in Sources */,
				F12C10F01D620FB40071798C /* StatsViewController.swift in Sources */,
				F12C11701D7095FA0071798C /* MyVariables.swift in Sources */,
				F170B8E51D4FB8D600118440 /* CemAnno.swift in Sources */,
				F12C10E61D60CDBC0071798C /* SearchViewController.swift in Sources */,
				F12C11901D73AB010071798C /* WeaponSelectVC.swift in Sources */,
				F123F2DF1E1AAD6E00BD47F6 /* FlagPlistReader.swift in Sources */,
				3FE011C01E0AE8520067DFD0 /* StatsTableViewController.swift in Sources */,
				F12C11851D732B360071798C /* VimyVirtualMemorialVC.swift in Sources */,
				F12C11011D6291810071798C /* VCMapView.swift in Sources */,
				F1E7D6491E16BE3900182A9C /* ImageReader.swift in Sources */,
				F12C112C1D6CB7CD0071798C /* Battalions.swift in Sources */,
				F12C117F1D71E1FB0071798C /* MedalReader.swift in Sources */,
				F1E7D6471E16BE3900182A9C /* ImageCollecionViewCell.swift in Sources */,
				F12C10E71D60CDBC0071798C /* SoldierSearch.swift in Sources */,
				F12C11201D6CB7810071798C /* BattalionFactsContainer.swift in Sources */,
				F1E7D64F1E16F2D300182A9C /* AboutViewController.swift in Sources */,
				F16B101A1D4FA929004F2777 /* SwiftyJSON.swift in Sources */,
				F16B101B1D4FA929004F2777 /* FullSoldier.swift in Sources */,
				F1E7D6361E1419B300182A9C /* FacebookNonMilitaryVC.swift in Sources */,
				F1E7D6511E16F2F800182A9C /* DevelopersTableVC.swift in Sources */,
				F12C11301D6CFB670071798C /* TimelineView.swift in Sources */,
				F1993B151D5226E9001F40F0 /* MenuVC.swift in Sources */,
				F170B8EF1D4FB90C00118440 /* BattalionsCoords.swift in Sources */,
				3F2605EA1E423F2E004BC9D5 /* FullArtworkView.swift in Sources */,
				F12C11071D6291A40071798C /* FriendsView.swift in Sources */,
				F12C11031D62918E0071798C /* ProfileView.swift in Sources */,
				3FA970791E25569800B5B394 /* FriendsMatcher.swift in Sources */,
				F170B8E81D4FB8D600118440 /* VimyCoordinates.swift in Sources */,
				F12C11881D738ACB0071798C /* StudentBiographyViewController.swift in Sources */,
				F170B8ED1D4FB90C00118440 /* BattalionMapVC.swift in Sources */,
				F12C11911D73AB010071798C /* WeaponsInfo.swift in Sources */,
				F16B0FE71D4FA578004F2777 /* AppDelegate.swift in Sources */,
				F12C10FF1D6291810071798C /* SoldierLocation.swift in Sources */,
				3F07E7231E37CBAD00489FEB /* SpencerTableViewCell.swift in Sources */,
				F12C112B1D6CB7CD0071798C /* BattalionReader.swift in Sources */,
				F12C11251D6CB7AB0071798C /* FullBattalionInfo.swift in Sources */,
				F1E7D6451E16BE3900182A9C /* ArtworkViewController.swift in Sources */,
				3FA970761E2414C400B5B394 /* BattalionCollapsibleTableVC.swift in Sources */,
				F123F2E41E1AAD9000BD47F6 /* FlagOverlayView.swift in Sources */,
				F12C11261D6CB7AB0071798C /* SingleBattalionViewController.swift in Sources */,
				F170B8F01D4FB90C00118440 /* CustomAnnotation.swift in Sources */,
				F1E7D6351E1419B300182A9C /* FacebookMilitaryVC.swift in Sources */,
				F12BE4611E24535D006412F1 /* VimyMythsViewController.swift in Sources */,
				F170B8F61D4FB93400118440 /* TLPViewController.swift in Sources */,
				3FE011C21E0AE85D0067DFD0 /* CollapsibleTableViewHeader.swift in Sources */,
				F170B8FC1D4FB94D00118440 /* WesternFrontLinesCoords.swift in Sources */,
				F12C118E1D73AB010071798C /* WeaponDetailsVC.swift in Sources */,
				3FE011C81E0AE8770067DFD0 /* BensTableViewCell.swift in Sources */,
				F1E7D6481E16BE3900182A9C /* ImageObject.swift in Sources */,
				F12C11051D62919A0071798C /* Medals.swift in Sources */,
				F12BE4601E24535D006412F1 /* VimyMythsScreenViewController.swift in Sources */,
				F12C11221D6CB7910071798C /* BattalionInfoContainer.swift in Sources */,
				3FEB44411E0C60AC00620494 /* SoldierOfHourNavController.swift in Sources */,
				F133F22E1D7473810049B8BB /* Util.swift in Sources */,
				F170B8E61D4FB8D600118440 /* CemViewController.swift in Sources */,
				F12C11091D6291AC0071798C /* BiographyView.swift in Sources */,
				F1E7D6461E16BE3900182A9C /* FullImageView.swift in Sources */,
				F12C110B1D6291B80071798C /* FaceBookViewController.swift in Sources */,
				F12C111E1D6CB7690071798C /* BattalionMoreContainer.swift in Sources */,
				F12C112D1D6CB7CD0071798C /* BattalionTableViewController.swift in Sources */,
				F170B8FB1D4FB94D00118440 /* WesternFrontController.swift in Sources */,
				F12C10F21D6210650071798C /* StatsReader.swift in Sources */,
				F16B10171D4FA735004F2777 /* HomeViewController.swift in Sources */,
				3FE011C41E0AE8630067DFD0 /* Extensions.swift in Sources */,
				F1E7D63B1E146DEA00182A9C /* Custom Segue.swift in Sources */,
				3FDA16431E40DA310030306D /* DeviceExtension.swift in Sources */,
			);
			runOnlyForDeploymentPostprocessing = 0;
		};
		F16B0FF31D4FA578004F2777 /* Sources */ = {
			isa = PBXSourcesBuildPhase;
			buildActionMask = 2147483647;
			files = (
				F16B0FFC1D4FA578004F2777 /* Vimy_Ridge_ProjectTests.swift in Sources */,
			);
			runOnlyForDeploymentPostprocessing = 0;
		};
		F16B0FFE1D4FA578004F2777 /* Sources */ = {
			isa = PBXSourcesBuildPhase;
			buildActionMask = 2147483647;
			files = (
				F16B10071D4FA578004F2777 /* Vimy_Ridge_ProjectUITests.swift in Sources */,
			);
			runOnlyForDeploymentPostprocessing = 0;
		};
/* End PBXSourcesBuildPhase section */

/* Begin PBXTargetDependency section */
		F16B0FF91D4FA578004F2777 /* PBXTargetDependency */ = {
			isa = PBXTargetDependency;
			target = F16B0FE21D4FA578004F2777 /* Vimy Ridge Project */;
			targetProxy = F16B0FF81D4FA578004F2777 /* PBXContainerItemProxy */;
		};
		F16B10041D4FA578004F2777 /* PBXTargetDependency */ = {
			isa = PBXTargetDependency;
			target = F16B0FE21D4FA578004F2777 /* Vimy Ridge Project */;
			targetProxy = F16B10031D4FA578004F2777 /* PBXContainerItemProxy */;
		};
/* End PBXTargetDependency section */

/* Begin PBXVariantGroup section */
		F16B0FEA1D4FA578004F2777 /* Main.storyboard */ = {
			isa = PBXVariantGroup;
			children = (
				F16B0FEB1D4FA578004F2777 /* Base */,
			);
			name = Main.storyboard;
			sourceTree = "<group>";
		};
		F16B0FEF1D4FA578004F2777 /* LaunchScreen.storyboard */ = {
			isa = PBXVariantGroup;
			children = (
				F16B0FF01D4FA578004F2777 /* Base */,
			);
			name = LaunchScreen.storyboard;
			sourceTree = "<group>";
		};
/* End PBXVariantGroup section */

/* Begin XCBuildConfiguration section */
		F16B10091D4FA578004F2777 /* Debug */ = {
			isa = XCBuildConfiguration;
			buildSettings = {
				ALWAYS_SEARCH_USER_PATHS = NO;
				CLANG_ANALYZER_NONNULL = YES;
				CLANG_CXX_LANGUAGE_STANDARD = "gnu++0x";
				CLANG_CXX_LIBRARY = "libc++";
				CLANG_ENABLE_MODULES = YES;
				CLANG_ENABLE_OBJC_ARC = YES;
				CLANG_WARN_BOOL_CONVERSION = YES;
				CLANG_WARN_CONSTANT_CONVERSION = YES;
				CLANG_WARN_DIRECT_OBJC_ISA_USAGE = YES_ERROR;
				CLANG_WARN_EMPTY_BODY = YES;
				CLANG_WARN_ENUM_CONVERSION = YES;
				CLANG_WARN_INFINITE_RECURSION = YES;
				CLANG_WARN_INT_CONVERSION = YES;
				CLANG_WARN_OBJC_ROOT_CLASS = YES_ERROR;
				CLANG_WARN_SUSPICIOUS_MOVE = YES;
				CLANG_WARN_UNREACHABLE_CODE = YES;
				CLANG_WARN__DUPLICATE_METHOD_MATCH = YES;
				"CODE_SIGN_IDENTITY[sdk=iphoneos*]" = "iPhone Developer";
				COPY_PHASE_STRIP = NO;
				DEBUG_INFORMATION_FORMAT = dwarf;
				ENABLE_STRICT_OBJC_MSGSEND = YES;
				ENABLE_TESTABILITY = YES;
				GCC_C_LANGUAGE_STANDARD = gnu99;
				GCC_DYNAMIC_NO_PIC = NO;
				GCC_NO_COMMON_BLOCKS = YES;
				GCC_OPTIMIZATION_LEVEL = 0;
				GCC_PREPROCESSOR_DEFINITIONS = (
					"DEBUG=1",
					"$(inherited)",
				);
				GCC_WARN_64_TO_32_BIT_CONVERSION = YES;
				GCC_WARN_ABOUT_RETURN_TYPE = YES_ERROR;
				GCC_WARN_UNDECLARED_SELECTOR = YES;
				GCC_WARN_UNINITIALIZED_AUTOS = YES_AGGRESSIVE;
				GCC_WARN_UNUSED_FUNCTION = YES;
				GCC_WARN_UNUSED_VARIABLE = YES;
				IPHONEOS_DEPLOYMENT_TARGET = 9.3;
				MTL_ENABLE_DEBUG_INFO = YES;
				ONLY_ACTIVE_ARCH = YES;
				SDKROOT = iphoneos;
				SWIFT_OPTIMIZATION_LEVEL = "-Onone";
				TARGETED_DEVICE_FAMILY = 2;
			};
			name = Debug;
		};
		F16B100A1D4FA578004F2777 /* Release */ = {
			isa = XCBuildConfiguration;
			buildSettings = {
				ALWAYS_SEARCH_USER_PATHS = NO;
				CLANG_ANALYZER_NONNULL = YES;
				CLANG_CXX_LANGUAGE_STANDARD = "gnu++0x";
				CLANG_CXX_LIBRARY = "libc++";
				CLANG_ENABLE_MODULES = YES;
				CLANG_ENABLE_OBJC_ARC = YES;
				CLANG_WARN_BOOL_CONVERSION = YES;
				CLANG_WARN_CONSTANT_CONVERSION = YES;
				CLANG_WARN_DIRECT_OBJC_ISA_USAGE = YES_ERROR;
				CLANG_WARN_EMPTY_BODY = YES;
				CLANG_WARN_ENUM_CONVERSION = YES;
				CLANG_WARN_INFINITE_RECURSION = YES;
				CLANG_WARN_INT_CONVERSION = YES;
				CLANG_WARN_OBJC_ROOT_CLASS = YES_ERROR;
				CLANG_WARN_SUSPICIOUS_MOVE = YES;
				CLANG_WARN_UNREACHABLE_CODE = YES;
				CLANG_WARN__DUPLICATE_METHOD_MATCH = YES;
				"CODE_SIGN_IDENTITY[sdk=iphoneos*]" = "iPhone Developer";
				COPY_PHASE_STRIP = NO;
				DEBUG_INFORMATION_FORMAT = "dwarf-with-dsym";
				ENABLE_NS_ASSERTIONS = NO;
				ENABLE_STRICT_OBJC_MSGSEND = YES;
				GCC_C_LANGUAGE_STANDARD = gnu99;
				GCC_NO_COMMON_BLOCKS = YES;
				GCC_WARN_64_TO_32_BIT_CONVERSION = YES;
				GCC_WARN_ABOUT_RETURN_TYPE = YES_ERROR;
				GCC_WARN_UNDECLARED_SELECTOR = YES;
				GCC_WARN_UNINITIALIZED_AUTOS = YES_AGGRESSIVE;
				GCC_WARN_UNUSED_FUNCTION = YES;
				GCC_WARN_UNUSED_VARIABLE = YES;
				IPHONEOS_DEPLOYMENT_TARGET = 9.3;
				MTL_ENABLE_DEBUG_INFO = NO;
				SDKROOT = iphoneos;
				SWIFT_OPTIMIZATION_LEVEL = "-Owholemodule";
				TARGETED_DEVICE_FAMILY = 2;
				VALIDATE_PRODUCT = YES;
			};
			name = Release;
		};
		F16B100C1D4FA578004F2777 /* Debug */ = {
			isa = XCBuildConfiguration;
			buildSettings = {
				ASSETCATALOG_COMPILER_APPICON_NAME = AppIcon;
				"CODE_SIGN_IDENTITY[sdk=iphoneos*]" = "iPhone Developer";
				DEVELOPMENT_TEAM = 6M6MD3ZAQR;
				INFOPLIST_FILE = "Vimy Ridge Project/Info.plist";
				LD_RUNPATH_SEARCH_PATHS = "$(inherited) @executable_path/Frameworks";
				PRODUCT_BUNDLE_IDENTIFIER = "com.LWF.Vimy-Ridge-Project";
				PRODUCT_NAME = "$(TARGET_NAME)";
				SWIFT_VERSION = 3.0;
				TARGETED_DEVICE_FAMILY = "1,2";
			};
			name = Debug;
		};
		F16B100D1D4FA578004F2777 /* Release */ = {
			isa = XCBuildConfiguration;
			buildSettings = {
				ASSETCATALOG_COMPILER_APPICON_NAME = AppIcon;
				"CODE_SIGN_IDENTITY[sdk=iphoneos*]" = "iPhone Developer";
				DEVELOPMENT_TEAM = 6M6MD3ZAQR;
				INFOPLIST_FILE = "Vimy Ridge Project/Info.plist";
				LD_RUNPATH_SEARCH_PATHS = "$(inherited) @executable_path/Frameworks";
				PRODUCT_BUNDLE_IDENTIFIER = "com.LWF.Vimy-Ridge-Project";
				PRODUCT_NAME = "$(TARGET_NAME)";
				SWIFT_VERSION = 3.0;
				TARGETED_DEVICE_FAMILY = "1,2";
			};
			name = Release;
		};
		F16B100F1D4FA578004F2777 /* Debug */ = {
			isa = XCBuildConfiguration;
			buildSettings = {
				BUNDLE_LOADER = "$(TEST_HOST)";
				INFOPLIST_FILE = "Vimy Ridge ProjectTests/Info.plist";
				LD_RUNPATH_SEARCH_PATHS = "$(inherited) @executable_path/Frameworks @loader_path/Frameworks";
				PRODUCT_BUNDLE_IDENTIFIER = "UCDSB.Vimy-Ridge-ProjectTests";
				PRODUCT_NAME = "$(TARGET_NAME)";
				SWIFT_VERSION = 3.0;
				TEST_HOST = "$(BUILT_PRODUCTS_DIR)/Vimy Ridge Project.app/Vimy Ridge Project";
			};
			name = Debug;
		};
		F16B10101D4FA578004F2777 /* Release */ = {
			isa = XCBuildConfiguration;
			buildSettings = {
				BUNDLE_LOADER = "$(TEST_HOST)";
				INFOPLIST_FILE = "Vimy Ridge ProjectTests/Info.plist";
				LD_RUNPATH_SEARCH_PATHS = "$(inherited) @executable_path/Frameworks @loader_path/Frameworks";
				PRODUCT_BUNDLE_IDENTIFIER = "UCDSB.Vimy-Ridge-ProjectTests";
				PRODUCT_NAME = "$(TARGET_NAME)";
				SWIFT_VERSION = 3.0;
				TEST_HOST = "$(BUILT_PRODUCTS_DIR)/Vimy Ridge Project.app/Vimy Ridge Project";
			};
			name = Release;
		};
		F16B10121D4FA578004F2777 /* Debug */ = {
			isa = XCBuildConfiguration;
			buildSettings = {
				INFOPLIST_FILE = "Vimy Ridge ProjectUITests/Info.plist";
				LD_RUNPATH_SEARCH_PATHS = "$(inherited) @executable_path/Frameworks @loader_path/Frameworks";
				PRODUCT_BUNDLE_IDENTIFIER = "UCDSB.Vimy-Ridge-ProjectUITests";
				PRODUCT_NAME = "$(TARGET_NAME)";
				SWIFT_VERSION = 3.0;
				TEST_TARGET_NAME = "Vimy Ridge Project";
			};
			name = Debug;
		};
		F16B10131D4FA578004F2777 /* Release */ = {
			isa = XCBuildConfiguration;
			buildSettings = {
				INFOPLIST_FILE = "Vimy Ridge ProjectUITests/Info.plist";
				LD_RUNPATH_SEARCH_PATHS = "$(inherited) @executable_path/Frameworks @loader_path/Frameworks";
				PRODUCT_BUNDLE_IDENTIFIER = "UCDSB.Vimy-Ridge-ProjectUITests";
				PRODUCT_NAME = "$(TARGET_NAME)";
				SWIFT_VERSION = 3.0;
				TEST_TARGET_NAME = "Vimy Ridge Project";
			};
			name = Release;
		};
/* End XCBuildConfiguration section */

/* Begin XCConfigurationList section */
		F16B0FDE1D4FA578004F2777 /* Build configuration list for PBXProject "Vimy Ridge Project" */ = {
			isa = XCConfigurationList;
			buildConfigurations = (
				F16B10091D4FA578004F2777 /* Debug */,
				F16B100A1D4FA578004F2777 /* Release */,
			);
			defaultConfigurationIsVisible = 0;
			defaultConfigurationName = Release;
		};
		F16B100B1D4FA578004F2777 /* Build configuration list for PBXNativeTarget "Vimy Ridge Project" */ = {
			isa = XCConfigurationList;
			buildConfigurations = (
				F16B100C1D4FA578004F2777 /* Debug */,
				F16B100D1D4FA578004F2777 /* Release */,
			);
			defaultConfigurationIsVisible = 0;
			defaultConfigurationName = Release;
		};
		F16B100E1D4FA578004F2777 /* Build configuration list for PBXNativeTarget "Vimy Ridge ProjectTests" */ = {
			isa = XCConfigurationList;
			buildConfigurations = (
				F16B100F1D4FA578004F2777 /* Debug */,
				F16B10101D4FA578004F2777 /* Release */,
			);
			defaultConfigurationIsVisible = 0;
			defaultConfigurationName = Release;
		};
		F16B10111D4FA578004F2777 /* Build configuration list for PBXNativeTarget "Vimy Ridge ProjectUITests" */ = {
			isa = XCConfigurationList;
			buildConfigurations = (
				F16B10121D4FA578004F2777 /* Debug */,
				F16B10131D4FA578004F2777 /* Release */,
			);
			defaultConfigurationIsVisible = 0;
			defaultConfigurationName = Release;
		};
/* End XCConfigurationList section */
	};
	rootObject = F16B0FDB1D4FA578004F2777 /* Project object */;
}
